# This file is automatically @generated by pesde.
# It is not intended for manual editing.
format = 2
name = "discord_luau/discord_bot"
version = "0.1.0"
target = "luau"

[graph."discord_luau/accumulator@0.0.1 luau".pkg_ref]
ref_ty = "git"
repo = "https://github.com/DiscordLuau/discord-luau.git"
tree_id = "e1e2ec118ac4125b3c8092da9c9913d751944dde"
new_structure = true

[graph."discord_luau/api_types@0.0.1 luau".dependencies]
bit = ["discord_luau/bit@0.0.1 luau", "standard"]
util = ["discord_luau/util@0.0.1 luau", "standard"]

[graph."discord_luau/api_types@0.0.1 luau".pkg_ref]
ref_ty = "git"
repo = "https://github.com/DiscordLuau/discord-luau.git"
tree_id = "5515a18b2066c694886ce3eef1d29bf62cfaa4ea"
new_structure = true

[graph."discord_luau/api_types@0.0.1 luau".pkg_ref.dependencies]
bit = [{ repo = "https://github.com/DiscordLuau/discord-luau.git", rev = "891c973", path = "packages/bit" }, "standard"]
util = [{ repo = "https://github.com/DiscordLuau/discord-luau.git", rev = "891c973", path = "packages/utilities" }, "standard"]

[graph."discord_luau/bit@0.0.1 luau".pkg_ref]
ref_ty = "git"
repo = "https://github.com/DiscordLuau/discord-luau.git"
tree_id = "f7d9ede6b2c2621a31afc26dc619011242d1cea8"
new_structure = true

[graph."discord_luau/builders@0.0.1 luau"]
direct = ["builders", { repo = "https://github.com/DiscordLuau/discord-luau.git", rev = "891c973", path = "packages/builders" }, "standard"]

[graph."discord_luau/builders@0.0.1 luau".dependencies]
api_types = ["discord_luau/api_types@0.0.1 luau", "standard"]
bit = ["discord_luau/bit@0.0.1 luau", "standard"]
std_polyfills = ["discord_luau/std_polyfills@0.0.1 luau", "standard"]
util = ["discord_luau/util@0.0.1 luau", "standard"]

[graph."discord_luau/builders@0.0.1 luau".pkg_ref]
ref_ty = "git"
repo = "https://github.com/DiscordLuau/discord-luau.git"
tree_id = "373f2c86af27cb63e739456672ecd9da860384fd"
new_structure = true

[graph."discord_luau/builders@0.0.1 luau".pkg_ref.dependencies]
api_types = [{ repo = "https://github.com/DiscordLuau/discord-luau.git", rev = "891c973", path = "packages/api_types" }, "standard"]
bit = [{ repo = "https://github.com/DiscordLuau/discord-luau.git", rev = "891c973", path = "packages/bit" }, "standard"]
std_polyfills = [{ repo = "https://github.com/DiscordLuau/discord-luau.git", rev = "891c973", path = "packages/std_polyfills" }, "standard"]
util = [{ repo = "https://github.com/DiscordLuau/discord-luau.git", rev = "891c973", path = "packages/utilities" }, "standard"]

[graph."discord_luau/classes@0.0.1 luau"]
direct = ["classes", { repo = "https://github.com/DiscordLuau/discord-luau.git", rev = "891c973", path = "packages/classes" }, "standard"]

[graph."discord_luau/classes@0.0.1 luau".dependencies]
api_types = ["discord_luau/api_types@0.0.1 luau", "standard"]
bit = ["discord_luau/bit@0.0.1 luau", "standard"]
builders = ["discord_luau/builders@0.0.1 luau", "standard"]
emitter = ["discord_luau/emitter@0.0.1 luau", "standard"]
future = ["yetanotherclown/luau_futures@2.0.0-beta.3 luau", "standard"]
rest = ["discord_luau/rest@0.0.1 luau", "standard"]
state = ["discord_luau/state@0.0.1 luau", "standard"]
std_polyfills = ["discord_luau/std_polyfills@0.0.1 luau", "standard"]
util = ["discord_luau/util@0.0.1 luau", "standard"]
voice = ["discord_luau/voice@0.0.1 luau", "standard"]

[graph."discord_luau/classes@0.0.1 luau".pkg_ref]
ref_ty = "git"
repo = "https://github.com/DiscordLuau/discord-luau.git"
tree_id = "183949b698fe5de2247f17163d8eda968bde3684"
new_structure = true

[graph."discord_luau/classes@0.0.1 luau".pkg_ref.dependencies]
api_types = [{ repo = "https://github.com/DiscordLuau/discord-luau.git", rev = "891c973", path = "packages/api_types" }, "standard"]
bit = [{ repo = "https://github.com/DiscordLuau/discord-luau.git", rev = "891c973", path = "packages/bit" }, "standard"]
builders = [{ repo = "https://github.com/DiscordLuau/discord-luau.git", rev = "891c973", path = "packages/builders" }, "standard"]
emitter = [{ repo = "https://github.com/DiscordLuau/discord-luau.git", rev = "891c973", path = "packages/emitter" }, "standard"]
future = [{ name = "yetanotherclown/luau_futures", version = "^2.0.0-beta.3", index = "https://github.com/pesde-pkg/index" }, "standard"]
rest = [{ repo = "https://github.com/DiscordLuau/discord-luau.git", rev = "891c973", path = "packages/rest" }, "standard"]
state = [{ repo = "https://github.com/DiscordLuau/discord-luau.git", rev = "891c973", path = "packages/state" }, "standard"]
std_polyfills = [{ repo = "https://github.com/DiscordLuau/discord-luau.git", rev = "891c973", path = "packages/std_polyfills" }, "standard"]
util = [{ repo = "https://github.com/DiscordLuau/discord-luau.git", rev = "891c973", path = "packages/utilities" }, "standard"]
voice = [{ repo = "https://github.com/DiscordLuau/discord-luau.git", rev = "891c973", path = "packages/voice" }, "standard"]

[graph."discord_luau/dave@0.0.1 luau".dependencies]
logger = ["discord_luau/logger@0.0.1 luau", "standard"]
std_polyfills = ["discord_luau/std_polyfills@0.0.1 luau", "standard"]

[graph."discord_luau/dave@0.0.1 luau".pkg_ref]
ref_ty = "git"
repo = "https://github.com/DiscordLuau/discord-luau.git"
tree_id = "2ed41dcd6d5fb94e303753c011ef6e166661a9f8"
new_structure = true

[graph."discord_luau/dave@0.0.1 luau".pkg_ref.dependencies]
logger = [{ repo = "https://github.com/DiscordLuau/discord-luau.git", rev = "891c973", path = "packages/logger" }, "standard"]
std_polyfills = [{ repo = "https://github.com/DiscordLuau/discord-luau.git", rev = "891c973", path = "packages/std_polyfills" }, "standard"]

[graph."discord_luau/discord_luau@0.0.1 luau"]
direct = ["discord", { repo = "https://github.com/DiscordLuau/discord-luau.git", rev = "891c973", path = "packages/discord_luau" }, "standard"]

[graph."discord_luau/discord_luau@0.0.1 luau".dependencies]
api_types = ["discord_luau/api_types@0.0.1 luau", "standard"]
bit = ["discord_luau/bit@0.0.1 luau", "standard"]
builders = ["discord_luau/builders@0.0.1 luau", "standard"]
classes = ["discord_luau/classes@0.0.1 luau", "standard"]
emitter = ["discord_luau/emitter@0.0.1 luau", "standard"]
future = ["yetanotherclown/luau_futures@2.0.0-beta.3 luau", "standard"]
logger = ["discord_luau/logger@0.0.1 luau", "standard"]
rest = ["discord_luau/rest@0.0.1 luau", "standard"]
state = ["discord_luau/state@0.0.1 luau", "standard"]
std_polyfills = ["discord_luau/std_polyfills@0.0.1 luau", "standard"]
util = ["discord_luau/util@0.0.1 luau", "standard"]

[graph."discord_luau/discord_luau@0.0.1 luau".pkg_ref]
ref_ty = "git"
repo = "https://github.com/DiscordLuau/discord-luau.git"
tree_id = "d0e1153dd1012ec9b3e79d28a1e1cfe10e6e9db3"
new_structure = true

[graph."discord_luau/discord_luau@0.0.1 luau".pkg_ref.dependencies]
api_types = [{ repo = "https://github.com/DiscordLuau/discord-luau.git", rev = "891c973", path = "packages/api_types" }, "standard"]
bit = [{ repo = "https://github.com/DiscordLuau/discord-luau.git", rev = "891c973", path = "packages/bit" }, "standard"]
builders = [{ repo = "https://github.com/DiscordLuau/discord-luau.git", rev = "891c973", path = "packages/builders" }, "standard"]
classes = [{ repo = "https://github.com/DiscordLuau/discord-luau.git", rev = "891c973", path = "packages/classes" }, "standard"]
emitter = [{ repo = "https://github.com/DiscordLuau/discord-luau.git", rev = "891c973", path = "packages/emitter" }, "standard"]
future = [{ name = "yetanotherclown/luau_futures", version = "^2.0.0-beta.3", index = "https://github.com/pesde-pkg/index" }, "standard"]
logger = [{ repo = "https://github.com/DiscordLuau/discord-luau.git", rev = "891c973", path = "packages/logger" }, "standard"]
rest = [{ repo = "https://github.com/DiscordLuau/discord-luau.git", rev = "891c973", path = "packages/rest" }, "standard"]
state = [{ repo = "https://github.com/DiscordLuau/discord-luau.git", rev = "891c973", path = "packages/state" }, "standard"]
std_polyfills = [{ repo = "https://github.com/DiscordLuau/discord-luau.git", rev = "891c973", path = "packages/std_polyfills" }, "standard"]
util = [{ repo = "https://github.com/DiscordLuau/discord-luau.git", rev = "891c973", path = "packages/utilities" }, "standard"]

[graph."discord_luau/emitter@0.0.1 luau".dependencies]
logger = ["discord_luau/logger@0.0.1 luau", "standard"]

[graph."discord_luau/emitter@0.0.1 luau".pkg_ref]
ref_ty = "git"
repo = "https://github.com/DiscordLuau/discord-luau.git"
tree_id = "9968aecd797ad3307ce2e842be447373e44c7c57"
new_structure = true

[graph."discord_luau/emitter@0.0.1 luau".pkg_ref.dependencies]
logger = [{ repo = "https://github.com/DiscordLuau/discord-luau.git", rev = "891c973", path = "packages/logger" }, "standard"]

[graph."discord_luau/formdata@0.0.1 luau".dependencies]
stream = ["discord_luau/stream@0.0.1 luau", "standard"]

[graph."discord_luau/formdata@0.0.1 luau".pkg_ref]
ref_ty = "git"
repo = "https://github.com/DiscordLuau/discord-luau.git"
tree_id = "00b1bb93fb805986b9c7c875d557eed5ed430ffa"
new_structure = true

[graph."discord_luau/formdata@0.0.1 luau".pkg_ref.dependencies]
stream = [{ repo = "https://github.com/DiscordLuau/discord-luau.git", rev = "891c973", path = "packages/stream" }, "standard"]

[graph."discord_luau/logger@0.0.1 luau"]
direct = ["logger", { repo = "https://github.com/DiscordLuau/discord-luau.git", rev = "891c973", path = "packages/logger" }, "standard"]

[graph."discord_luau/logger@0.0.1 luau".dependencies]
std_polyfills = ["discord_luau/std_polyfills@0.0.1 luau", "standard"]

[graph."discord_luau/logger@0.0.1 luau".pkg_ref]
ref_ty = "git"
repo = "https://github.com/DiscordLuau/discord-luau.git"
tree_id = "d518f58e2c83d89261ed57cf2acc09cdddc32e7d"
new_structure = true

[graph."discord_luau/logger@0.0.1 luau".pkg_ref.dependencies]
std_polyfills = [{ repo = "https://github.com/DiscordLuau/discord-luau.git", rev = "891c973", path = "packages/std_polyfills" }, "standard"]

[graph."discord_luau/opus@0.0.1 luau".dependencies]
std_polyfills = ["discord_luau/std_polyfills@0.0.1 luau", "standard"]

[graph."discord_luau/opus@0.0.1 luau".pkg_ref]
ref_ty = "git"
repo = "https://github.com/DiscordLuau/discord-luau.git"
tree_id = "f4b2c146aefeafa8fc8fa78458056353ce2bcb5d"
new_structure = true

[graph."discord_luau/opus@0.0.1 luau".pkg_ref.dependencies]
std_polyfills = [{ repo = "https://github.com/DiscordLuau/discord-luau.git", rev = "891c973", path = "packages/std_polyfills" }, "standard"]

[graph."discord_luau/rest@0.0.1 luau".dependencies]
api_types = ["discord_luau/api_types@0.0.1 luau", "standard"]
formdata = ["discord_luau/formdata@0.0.1 luau", "standard"]
future = ["yetanotherclown/luau_futures@2.0.0-beta.3 luau", "standard"]
std_polyfills = ["discord_luau/std_polyfills@0.0.1 luau", "standard"]

[graph."discord_luau/rest@0.0.1 luau".pkg_ref]
ref_ty = "git"
repo = "https://github.com/DiscordLuau/discord-luau.git"
tree_id = "359d285ca0ba8f44f7ab78e5113116e389636261"
new_structure = true

[graph."discord_luau/rest@0.0.1 luau".pkg_ref.dependencies]
api_types = [{ repo = "https://github.com/DiscordLuau/discord-luau.git", rev = "891c973", path = "packages/api_types" }, "standard"]
formdata = [{ repo = "https://github.com/DiscordLuau/discord-luau.git", rev = "891c973", path = "packages/formdata" }, "standard"]
future = [{ name = "yetanotherclown/luau_futures", version = "^2.0.0-beta.3", index = "https://github.com/pesde-pkg/index" }, "standard"]
std_polyfills = [{ repo = "https://github.com/DiscordLuau/discord-luau.git", rev = "891c973", path = "packages/std_polyfills" }, "standard"]

[graph."discord_luau/secret@0.0.1 luau".pkg_ref]
ref_ty = "git"
repo = "https://github.com/DiscordLuau/discord-luau.git"
tree_id = "324d52ccfbf17d6ef4806a26a83ea8cb561859b6"
new_structure = true

[graph."discord_luau/sodium@0.0.1 luau".dependencies]
std_polyfills = ["discord_luau/std_polyfills@0.0.1 luau", "standard"]

[graph."discord_luau/sodium@0.0.1 luau".pkg_ref]
ref_ty = "git"
repo = "https://github.com/DiscordLuau/discord-luau.git"
tree_id = "de37b7461db02a30e8322eb6d0e73d542c49d3c9"
new_structure = true

[graph."discord_luau/sodium@0.0.1 luau".pkg_ref.dependencies]
std_polyfills = [{ repo = "https://github.com/DiscordLuau/discord-luau.git", rev = "891c973", path = "packages/std_polyfills" }, "standard"]

[graph."discord_luau/state@0.0.1 luau".dependencies]
api_types = ["discord_luau/api_types@0.0.1 luau", "standard"]
formdata = ["discord_luau/formdata@0.0.1 luau", "standard"]
logger = ["discord_luau/logger@0.0.1 luau", "standard"]
rest = ["discord_luau/rest@0.0.1 luau", "standard"]
secret = ["discord_luau/secret@0.0.1 luau", "standard"]
std_polyfills = ["discord_luau/std_polyfills@0.0.1 luau", "standard"]
utils = ["discord_luau/util@0.0.1 luau", "standard"]
websocket = ["discord_luau/websocket@0.0.1 luau", "standard"]

[graph."discord_luau/state@0.0.1 luau".pkg_ref]
ref_ty = "git"
repo = "https://github.com/DiscordLuau/discord-luau.git"
tree_id = "23cf54173e1a29954455592c0b514beaef7bb7e5"
new_structure = true

[graph."discord_luau/state@0.0.1 luau".pkg_ref.dependencies]
api_types = [{ repo = "https://github.com/DiscordLuau/discord-luau.git", rev = "891c973", path = "packages/api_types" }, "standard"]
formdata = [{ repo = "https://github.com/DiscordLuau/discord-luau.git", rev = "891c973", path = "packages/formdata" }, "standard"]
logger = [{ repo = "https://github.com/DiscordLuau/discord-luau.git", rev = "891c973", path = "packages/logger" }, "standard"]
rest = [{ repo = "https://github.com/DiscordLuau/discord-luau.git", rev = "891c973", path = "packages/rest" }, "standard"]
secret = [{ repo = "https://github.com/DiscordLuau/discord-luau.git", rev = "891c973", path = "packages/secret" }, "standard"]
std_polyfills = [{ repo = "https://github.com/DiscordLuau/discord-luau.git", rev = "891c973", path = "packages/std_polyfills" }, "standard"]
utils = [{ repo = "https://github.com/DiscordLuau/discord-luau.git", rev = "891c973", path = "packages/utilities" }, "standard"]
websocket = [{ repo = "https://github.com/DiscordLuau/discord-luau.git", rev = "891c973", path = "packages/websocket" }, "standard"]

[graph."discord_luau/std_polyfills@0.0.1 luau".pkg_ref]
ref_ty = "git"
repo = "https://github.com/DiscordLuau/discord-luau.git"
tree_id = "cb5b993628e2f14003bc59cbe04f6caa5b771e15"
new_structure = true

[graph."discord_luau/stream@0.0.1 luau".pkg_ref]
ref_ty = "git"
repo = "https://github.com/DiscordLuau/discord-luau.git"
tree_id = "a8b7045d81d840928d1559125ab08b8c18e9e39c"
new_structure = true

[graph."discord_luau/util@0.0.1 luau".pkg_ref]
ref_ty = "git"
repo = "https://github.com/DiscordLuau/discord-luau.git"
tree_id = "41d7235ade91d8a4782b497da9b87a57766ea182"
new_structure = true

[graph."discord_luau/voice@0.0.1 luau".dependencies]
api_types = ["discord_luau/api_types@0.0.1 luau", "standard"]
dave = ["discord_luau/dave@0.0.1 luau", "standard"]
emitter = ["discord_luau/emitter@0.0.1 luau", "standard"]
future = ["yetanotherclown/luau_futures@2.0.0-beta.3 luau", "standard"]
logger = ["discord_luau/logger@0.0.1 luau", "standard"]
opus = ["discord_luau/opus@0.0.1 luau", "standard"]
secret = ["discord_luau/secret@0.0.1 luau", "standard"]
sodium = ["discord_luau/sodium@0.0.1 luau", "standard"]
std_polyfills = ["discord_luau/std_polyfills@0.0.1 luau", "standard"]
util = ["discord_luau/util@0.0.1 luau", "standard"]
websocket = ["discord_luau/websocket@0.0.1 luau", "standard"]

[graph."discord_luau/voice@0.0.1 luau".pkg_ref]
ref_ty = "git"
repo = "https://github.com/DiscordLuau/discord-luau.git"
tree_id = "551ad94f56184ef74ee5e7681f6597d62ae5ce3e"
new_structure = true

[graph."discord_luau/voice@0.0.1 luau".pkg_ref.dependencies]
api_types = [{ repo = "https://github.com/DiscordLuau/discord-luau.git", rev = "891c973", path = "packages/api_types" }, "standard"]
dave = [{ repo = "https://github.com/DiscordLuau/discord-luau.git", rev = "891c973", path = "packages/dave" }, "standard"]
emitter = [{ repo = "https://github.com/DiscordLuau/discord-luau.git", rev = "891c973", path = "packages/emitter" }, "standard"]
future = [{ name = "yetanotherclown/luau_futures", version = "^2.0.0-beta.3", index = "https://github.com/pesde-pkg/index" }, "standard"]
logger = [{ repo = "https://github.com/DiscordLuau/discord-luau.git", rev = "891c973", path = "packages/logger" }, "standard"]
opus = [{ repo = "https://github.com/DiscordLuau/discord-luau.git", rev = "891c973", path = "packages/opus" }, "standard"]
secret = [{ repo = "https://github.com/DiscordLuau/discord-luau.git", rev = "891c973", path = "packages/secret" }, "standard"]
sodium = [{ repo = "https://github.com/DiscordLuau/discord-luau.git", rev = "891c973", path = "packages/sodium" }, "standard"]
std_polyfills = [{ repo = "https://github.com/DiscordLuau/discord-luau.git", rev = "891c973", path = "packages/std_polyfills" }, "standard"]
util = [{ repo = "https://github.com/DiscordLuau/discord-luau.git", rev = "891c973", path = "packages/utilities" }, "standard"]
websocket = [{ repo = "https://github.com/DiscordLuau/discord-luau.git", rev = "891c973", path = "packages/websocket" }, "standard"]

[graph."discord_luau/websocket@0.0.1 luau".dependencies]
accumulator = ["discord_luau/accumulator@0.0.1 luau", "standard"]
api_types = ["discord_luau/api_types@0.0.1 luau", "standard"]
emitter = ["discord_luau/emitter@0.0.1 luau", "standard"]
future = ["yetanotherclown/luau_futures@2.0.0-beta.3 luau", "standard"]
logger = ["discord_luau/logger@0.0.1 luau", "standard"]
secret = ["discord_luau/secret@0.0.1 luau", "standard"]
std_polyfills = ["discord_luau/std_polyfills@0.0.1 luau", "standard"]
util = ["discord_luau/util@0.0.1 luau", "standard"]

[graph."discord_luau/websocket@0.0.1 luau".pkg_ref]
ref_ty = "git"
repo = "https://github.com/DiscordLuau/discord-luau.git"
tree_id = "ec7f0ab6c0b7a5ee5b605c3c8a4f3d7e37830c7f"
new_structure = true

[graph."discord_luau/websocket@0.0.1 luau".pkg_ref.dependencies]
accumulator = [{ repo = "https://github.com/DiscordLuau/discord-luau.git", rev = "891c973", path = "packages/accumulator" }, "standard"]
api_types = [{ repo = "https://github.com/DiscordLuau/discord-luau.git", rev = "891c973", path = "packages/api_types" }, "standard"]
emitter = [{ repo = "https://github.com/DiscordLuau/discord-luau.git", rev = "891c973", path = "packages/emitter" }, "standard"]
future = [{ name = "yetanotherclown/luau_futures", version = "^2.0.0-beta.3", index = "https://github.com/pesde-pkg/index" }, "standard"]
logger = [{ repo = "https://github.com/DiscordLuau/discord-luau.git", rev = "891c973", path = "packages/logger" }, "standard"]
secret = [{ repo = "https://github.com/DiscordLuau/discord-luau.git", rev = "891c973", path = "packages/secret" }, "standard"]
std_polyfills = [{ repo = "https://github.com/DiscordLuau/discord-luau.git", rev = "891c973", path = "packages/std_polyfills" }, "standard"]
util = [{ repo = "https://github.com/DiscordLuau/discord-luau.git", rev = "891c973", path = "packages/utilities" }, "standard"]

[graph."yetanotherclown/luau_futures@2.0.0-beta.3 luau".pkg_ref]
ref_ty = "pesde"
index_url = "https://github.com/pesde-pkg/index"
