# This file is automatically @generated by pesde.
# It is not intended for manual editing.
format = 2
name = "discord_luau/discord_bot"
version = "0.1.0"
target = "luau"

[graph."discord_luau/accumulator@0.0.0-e1e2ec118ac4125b3c8092da9c9913d751944dde luau".pkg_ref]
ref_ty = "git"
repo = "https://github.com/DiscordLuau/discord-luau.git"
tree_id = "e1e2ec118ac4125b3c8092da9c9913d751944dde"
new_structure = true

[graph."discord_luau/api_types@0.0.0-a0b874ddee4341fa36df017c7b17c9f25702e150 luau".dependencies]
bit = ["discord_luau/bit@0.0.0-f7d9ede6b2c2621a31afc26dc619011242d1cea8 luau", "standard"]
util = ["discord_luau/util@0.0.0-327305ded92cac8261291494c3375d74c75494f2 luau", "standard"]

[graph."discord_luau/api_types@0.0.0-a0b874ddee4341fa36df017c7b17c9f25702e150 luau".pkg_ref]
ref_ty = "git"
repo = "https://github.com/DiscordLuau/discord-luau.git"
tree_id = "a0b874ddee4341fa36df017c7b17c9f25702e150"
new_structure = true

[graph."discord_luau/api_types@0.0.0-a0b874ddee4341fa36df017c7b17c9f25702e150 luau".pkg_ref.dependencies]
bit = [{ repo = "https://github.com/DiscordLuau/discord-luau.git", rev = "baf9cef", path = "packages/bit" }, "standard"]
util = [{ repo = "https://github.com/DiscordLuau/discord-luau.git", rev = "baf9cef", path = "packages/utilities" }, "standard"]

[graph."discord_luau/bit@0.0.0-f7d9ede6b2c2621a31afc26dc619011242d1cea8 luau".pkg_ref]
ref_ty = "git"
repo = "https://github.com/DiscordLuau/discord-luau.git"
tree_id = "f7d9ede6b2c2621a31afc26dc619011242d1cea8"
new_structure = true

[graph."discord_luau/builders@0.0.0-287641304051eebf26c482544606c0a3f017a27c luau"]
direct = ["builders", { repo = "https://github.com/DiscordLuau/discord-luau.git", rev = "baf9cef", path = "packages/builders" }, "standard"]

[graph."discord_luau/builders@0.0.0-287641304051eebf26c482544606c0a3f017a27c luau".dependencies]
api_types = ["discord_luau/api_types@0.0.0-a0b874ddee4341fa36df017c7b17c9f25702e150 luau", "standard"]
bit = ["discord_luau/bit@0.0.0-f7d9ede6b2c2621a31afc26dc619011242d1cea8 luau", "standard"]
std_polyfills = ["discord_luau/std_polyfills@0.0.0-9265cd6bdfdd559f3d58bc110c4e6b4a951521ef luau", "standard"]
util = ["discord_luau/util@0.0.0-327305ded92cac8261291494c3375d74c75494f2 luau", "standard"]

[graph."discord_luau/builders@0.0.0-287641304051eebf26c482544606c0a3f017a27c luau".pkg_ref]
ref_ty = "git"
repo = "https://github.com/DiscordLuau/discord-luau.git"
tree_id = "287641304051eebf26c482544606c0a3f017a27c"
new_structure = true

[graph."discord_luau/builders@0.0.0-287641304051eebf26c482544606c0a3f017a27c luau".pkg_ref.dependencies]
api_types = [{ repo = "https://github.com/DiscordLuau/discord-luau.git", rev = "baf9cef", path = "packages/api_types" }, "standard"]
bit = [{ repo = "https://github.com/DiscordLuau/discord-luau.git", rev = "baf9cef", path = "packages/bit" }, "standard"]
std_polyfills = [{ repo = "https://github.com/DiscordLuau/discord-luau.git", rev = "baf9cef", path = "packages/std_polyfills" }, "standard"]
util = [{ repo = "https://github.com/DiscordLuau/discord-luau.git", rev = "baf9cef", path = "packages/utilities" }, "standard"]

[graph."discord_luau/classes@0.0.0-38ccf79235dafad6f4b896062dfa240f6b8f4c36 luau"]
direct = ["classes", { repo = "https://github.com/DiscordLuau/discord-luau.git", rev = "baf9cef", path = "packages/classes" }, "standard"]

[graph."discord_luau/classes@0.0.0-38ccf79235dafad6f4b896062dfa240f6b8f4c36 luau".dependencies]
api_types = ["discord_luau/api_types@0.0.0-a0b874ddee4341fa36df017c7b17c9f25702e150 luau", "standard"]
bit = ["discord_luau/bit@0.0.0-f7d9ede6b2c2621a31afc26dc619011242d1cea8 luau", "standard"]
builders = ["discord_luau/builders@0.0.0-287641304051eebf26c482544606c0a3f017a27c luau", "standard"]
emitter = ["discord_luau/emitter@0.0.0-72bd17a0fb8719608dadb56ad929714737d22b54 luau", "standard"]
future = ["yetanotherclown/luau_futures@2.0.0-beta.3 luau", "standard"]
rest = ["discord_luau/rest@0.0.0-359d285ca0ba8f44f7ab78e5113116e389636261 luau", "standard"]
state = ["discord_luau/state@0.0.0-23cf54173e1a29954455592c0b514beaef7bb7e5 luau", "standard"]
std_polyfills = ["discord_luau/std_polyfills@0.0.0-9265cd6bdfdd559f3d58bc110c4e6b4a951521ef luau", "standard"]
util = ["discord_luau/util@0.0.0-327305ded92cac8261291494c3375d74c75494f2 luau", "standard"]
voice = ["discord_luau/voice@0.0.0-1e4b85f15d9e5c3b3ebe4b2957d3e43615ed433a luau", "standard"]

[graph."discord_luau/classes@0.0.0-38ccf79235dafad6f4b896062dfa240f6b8f4c36 luau".pkg_ref]
ref_ty = "git"
repo = "https://github.com/DiscordLuau/discord-luau.git"
tree_id = "38ccf79235dafad6f4b896062dfa240f6b8f4c36"
new_structure = true

[graph."discord_luau/classes@0.0.0-38ccf79235dafad6f4b896062dfa240f6b8f4c36 luau".pkg_ref.dependencies]
api_types = [{ repo = "https://github.com/DiscordLuau/discord-luau.git", rev = "baf9cef", path = "packages/api_types" }, "standard"]
bit = [{ repo = "https://github.com/DiscordLuau/discord-luau.git", rev = "baf9cef", path = "packages/bit" }, "standard"]
builders = [{ repo = "https://github.com/DiscordLuau/discord-luau.git", rev = "baf9cef", path = "packages/builders" }, "standard"]
emitter = [{ repo = "https://github.com/DiscordLuau/discord-luau.git", rev = "baf9cef", path = "packages/emitter" }, "standard"]
future = [{ name = "yetanotherclown/luau_futures", version = "^2.0.0-beta.3", index = "https://github.com/pesde-pkg/index" }, "standard"]
rest = [{ repo = "https://github.com/DiscordLuau/discord-luau.git", rev = "baf9cef", path = "packages/rest" }, "standard"]
state = [{ repo = "https://github.com/DiscordLuau/discord-luau.git", rev = "baf9cef", path = "packages/state" }, "standard"]
std_polyfills = [{ repo = "https://github.com/DiscordLuau/discord-luau.git", rev = "baf9cef", path = "packages/std_polyfills" }, "standard"]
util = [{ repo = "https://github.com/DiscordLuau/discord-luau.git", rev = "baf9cef", path = "packages/utilities" }, "standard"]
voice = [{ repo = "https://github.com/DiscordLuau/discord-luau.git", rev = "baf9cef", path = "packages/voice" }, "standard"]

[graph."discord_luau/commands@0.0.0-669a5c489ab74f8e0bd972de5a0e2c7be35eaf90 luau"]
direct = ["commands", { repo = "https://github.com/DiscordLuau/discord-luau.git", rev = "baf9cef", path = "packages/commands" }, "standard"]

[graph."discord_luau/commands@0.0.0-669a5c489ab74f8e0bd972de5a0e2c7be35eaf90 luau".dependencies]
api_types = ["discord_luau/api_types@0.0.0-a0b874ddee4341fa36df017c7b17c9f25702e150 luau", "standard"]
builders = ["discord_luau/builders@0.0.0-287641304051eebf26c482544606c0a3f017a27c luau", "standard"]
classes = ["discord_luau/classes@0.0.0-38ccf79235dafad6f4b896062dfa240f6b8f4c36 luau", "standard"]
future = ["yetanotherclown/luau_futures@2.0.0-beta.3 luau", "standard"]
logger = ["discord_luau/logger@0.0.0-19dbbababd3ab74129781a95aa60c168ffdd67bf luau", "standard"]
std_polyfills = ["discord_luau/std_polyfills@0.0.0-9265cd6bdfdd559f3d58bc110c4e6b4a951521ef luau", "standard"]

[graph."discord_luau/commands@0.0.0-669a5c489ab74f8e0bd972de5a0e2c7be35eaf90 luau".pkg_ref]
ref_ty = "git"
repo = "https://github.com/DiscordLuau/discord-luau.git"
tree_id = "669a5c489ab74f8e0bd972de5a0e2c7be35eaf90"
new_structure = true

[graph."discord_luau/commands@0.0.0-669a5c489ab74f8e0bd972de5a0e2c7be35eaf90 luau".pkg_ref.dependencies]
api_types = [{ repo = "https://github.com/DiscordLuau/discord-luau.git", rev = "baf9cef", path = "packages/api_types" }, "standard"]
builders = [{ repo = "https://github.com/DiscordLuau/discord-luau.git", rev = "baf9cef", path = "packages/builders" }, "standard"]
classes = [{ repo = "https://github.com/DiscordLuau/discord-luau.git", rev = "baf9cef", path = "packages/classes" }, "standard"]
future = [{ name = "yetanotherclown/luau_futures", version = "^2.0.0-beta.3", index = "https://github.com/pesde-pkg/index" }, "standard"]
logger = [{ repo = "https://github.com/DiscordLuau/discord-luau.git", rev = "baf9cef", path = "packages/logger" }, "standard"]
std_polyfills = [{ repo = "https://github.com/DiscordLuau/discord-luau.git", rev = "baf9cef", path = "packages/std_polyfills" }, "standard"]

[graph."discord_luau/dave@0.0.0-7c58b56dcdbf4ba51d76681d7f1a3e8dc84ae8d0 luau".dependencies]
logger = ["discord_luau/logger@0.0.0-19dbbababd3ab74129781a95aa60c168ffdd67bf luau", "standard"]
std_polyfills = ["discord_luau/std_polyfills@0.0.0-9265cd6bdfdd559f3d58bc110c4e6b4a951521ef luau", "standard"]

[graph."discord_luau/dave@0.0.0-7c58b56dcdbf4ba51d76681d7f1a3e8dc84ae8d0 luau".pkg_ref]
ref_ty = "git"
repo = "https://github.com/DiscordLuau/discord-luau.git"
tree_id = "7c58b56dcdbf4ba51d76681d7f1a3e8dc84ae8d0"
new_structure = true

[graph."discord_luau/dave@0.0.0-7c58b56dcdbf4ba51d76681d7f1a3e8dc84ae8d0 luau".pkg_ref.dependencies]
logger = [{ repo = "https://github.com/DiscordLuau/discord-luau.git", rev = "baf9cef", path = "packages/logger" }, "standard"]
std_polyfills = [{ repo = "https://github.com/DiscordLuau/discord-luau.git", rev = "baf9cef", path = "packages/std_polyfills" }, "standard"]

[graph."discord_luau/discord_luau@0.0.0-d0e1153dd1012ec9b3e79d28a1e1cfe10e6e9db3 luau"]
direct = ["discord", { repo = "https://github.com/DiscordLuau/discord-luau.git", rev = "baf9cef", path = "packages/discord_luau" }, "standard"]

[graph."discord_luau/discord_luau@0.0.0-d0e1153dd1012ec9b3e79d28a1e1cfe10e6e9db3 luau".dependencies]
api_types = ["discord_luau/api_types@0.0.0-a0b874ddee4341fa36df017c7b17c9f25702e150 luau", "standard"]
bit = ["discord_luau/bit@0.0.0-f7d9ede6b2c2621a31afc26dc619011242d1cea8 luau", "standard"]
builders = ["discord_luau/builders@0.0.0-287641304051eebf26c482544606c0a3f017a27c luau", "standard"]
classes = ["discord_luau/classes@0.0.0-38ccf79235dafad6f4b896062dfa240f6b8f4c36 luau", "standard"]
emitter = ["discord_luau/emitter@0.0.0-72bd17a0fb8719608dadb56ad929714737d22b54 luau", "standard"]
future = ["yetanotherclown/luau_futures@2.0.0-beta.3 luau", "standard"]
logger = ["discord_luau/logger@0.0.0-19dbbababd3ab74129781a95aa60c168ffdd67bf luau", "standard"]
rest = ["discord_luau/rest@0.0.0-359d285ca0ba8f44f7ab78e5113116e389636261 luau", "standard"]
state = ["discord_luau/state@0.0.0-23cf54173e1a29954455592c0b514beaef7bb7e5 luau", "standard"]
std_polyfills = ["discord_luau/std_polyfills@0.0.0-9265cd6bdfdd559f3d58bc110c4e6b4a951521ef luau", "standard"]
util = ["discord_luau/util@0.0.0-327305ded92cac8261291494c3375d74c75494f2 luau", "standard"]

[graph."discord_luau/discord_luau@0.0.0-d0e1153dd1012ec9b3e79d28a1e1cfe10e6e9db3 luau".pkg_ref]
ref_ty = "git"
repo = "https://github.com/DiscordLuau/discord-luau.git"
tree_id = "d0e1153dd1012ec9b3e79d28a1e1cfe10e6e9db3"
new_structure = true

[graph."discord_luau/discord_luau@0.0.0-d0e1153dd1012ec9b3e79d28a1e1cfe10e6e9db3 luau".pkg_ref.dependencies]
api_types = [{ repo = "https://github.com/DiscordLuau/discord-luau.git", rev = "baf9cef", path = "packages/api_types" }, "standard"]
bit = [{ repo = "https://github.com/DiscordLuau/discord-luau.git", rev = "baf9cef", path = "packages/bit" }, "standard"]
builders = [{ repo = "https://github.com/DiscordLuau/discord-luau.git", rev = "baf9cef", path = "packages/builders" }, "standard"]
classes = [{ repo = "https://github.com/DiscordLuau/discord-luau.git", rev = "baf9cef", path = "packages/classes" }, "standard"]
emitter = [{ repo = "https://github.com/DiscordLuau/discord-luau.git", rev = "baf9cef", path = "packages/emitter" }, "standard"]
future = [{ name = "yetanotherclown/luau_futures", version = "^2.0.0-beta.3", index = "https://github.com/pesde-pkg/index" }, "standard"]
logger = [{ repo = "https://github.com/DiscordLuau/discord-luau.git", rev = "baf9cef", path = "packages/logger" }, "standard"]
rest = [{ repo = "https://github.com/DiscordLuau/discord-luau.git", rev = "baf9cef", path = "packages/rest" }, "standard"]
state = [{ repo = "https://github.com/DiscordLuau/discord-luau.git", rev = "baf9cef", path = "packages/state" }, "standard"]
std_polyfills = [{ repo = "https://github.com/DiscordLuau/discord-luau.git", rev = "baf9cef", path = "packages/std_polyfills" }, "standard"]
util = [{ repo = "https://github.com/DiscordLuau/discord-luau.git", rev = "baf9cef", path = "packages/utilities" }, "standard"]

[graph."discord_luau/emitter@0.0.0-72bd17a0fb8719608dadb56ad929714737d22b54 luau".dependencies]
logger = ["discord_luau/logger@0.0.0-19dbbababd3ab74129781a95aa60c168ffdd67bf luau", "standard"]

[graph."discord_luau/emitter@0.0.0-72bd17a0fb8719608dadb56ad929714737d22b54 luau".pkg_ref]
ref_ty = "git"
repo = "https://github.com/DiscordLuau/discord-luau.git"
tree_id = "72bd17a0fb8719608dadb56ad929714737d22b54"
new_structure = true

[graph."discord_luau/emitter@0.0.0-72bd17a0fb8719608dadb56ad929714737d22b54 luau".pkg_ref.dependencies]
logger = [{ repo = "https://github.com/DiscordLuau/discord-luau.git", rev = "baf9cef", path = "packages/logger" }, "standard"]

[graph."discord_luau/formdata@0.0.0-00b1bb93fb805986b9c7c875d557eed5ed430ffa luau".dependencies]
stream = ["discord_luau/stream@0.0.0-c4e2390e7ea0197ceb9c8c2e9f3a7b3141f16685 luau", "standard"]

[graph."discord_luau/formdata@0.0.0-00b1bb93fb805986b9c7c875d557eed5ed430ffa luau".pkg_ref]
ref_ty = "git"
repo = "https://github.com/DiscordLuau/discord-luau.git"
tree_id = "00b1bb93fb805986b9c7c875d557eed5ed430ffa"
new_structure = true

[graph."discord_luau/formdata@0.0.0-00b1bb93fb805986b9c7c875d557eed5ed430ffa luau".pkg_ref.dependencies]
stream = [{ repo = "https://github.com/DiscordLuau/discord-luau.git", rev = "baf9cef", path = "packages/stream" }, "standard"]

[graph."discord_luau/logger@0.0.0-19dbbababd3ab74129781a95aa60c168ffdd67bf luau"]
direct = ["logger", { repo = "https://github.com/DiscordLuau/discord-luau.git", rev = "baf9cef", path = "packages/logger" }, "standard"]

[graph."discord_luau/logger@0.0.0-19dbbababd3ab74129781a95aa60c168ffdd67bf luau".dependencies]
std_polyfills = ["discord_luau/std_polyfills@0.0.0-9265cd6bdfdd559f3d58bc110c4e6b4a951521ef luau", "standard"]

[graph."discord_luau/logger@0.0.0-19dbbababd3ab74129781a95aa60c168ffdd67bf luau".pkg_ref]
ref_ty = "git"
repo = "https://github.com/DiscordLuau/discord-luau.git"
tree_id = "19dbbababd3ab74129781a95aa60c168ffdd67bf"
new_structure = true

[graph."discord_luau/logger@0.0.0-19dbbababd3ab74129781a95aa60c168ffdd67bf luau".pkg_ref.dependencies]
std_polyfills = [{ repo = "https://github.com/DiscordLuau/discord-luau.git", rev = "baf9cef", path = "packages/std_polyfills" }, "standard"]

[graph."discord_luau/opus@0.0.0-3e134cbbb7aef09ea3ed3e1f515549e9e47a0dbe luau".dependencies]
std_polyfills = ["discord_luau/std_polyfills@0.0.0-9265cd6bdfdd559f3d58bc110c4e6b4a951521ef luau", "standard"]

[graph."discord_luau/opus@0.0.0-3e134cbbb7aef09ea3ed3e1f515549e9e47a0dbe luau".pkg_ref]
ref_ty = "git"
repo = "https://github.com/DiscordLuau/discord-luau.git"
tree_id = "3e134cbbb7aef09ea3ed3e1f515549e9e47a0dbe"
new_structure = true

[graph."discord_luau/opus@0.0.0-3e134cbbb7aef09ea3ed3e1f515549e9e47a0dbe luau".pkg_ref.dependencies]
std_polyfills = [{ repo = "https://github.com/DiscordLuau/discord-luau.git", rev = "baf9cef", path = "packages/std_polyfills" }, "standard"]

[graph."discord_luau/rest@0.0.0-359d285ca0ba8f44f7ab78e5113116e389636261 luau".dependencies]
api_types = ["discord_luau/api_types@0.0.0-a0b874ddee4341fa36df017c7b17c9f25702e150 luau", "standard"]
formdata = ["discord_luau/formdata@0.0.0-00b1bb93fb805986b9c7c875d557eed5ed430ffa luau", "standard"]
future = ["yetanotherclown/luau_futures@2.0.0-beta.3 luau", "standard"]
std_polyfills = ["discord_luau/std_polyfills@0.0.0-9265cd6bdfdd559f3d58bc110c4e6b4a951521ef luau", "standard"]

[graph."discord_luau/rest@0.0.0-359d285ca0ba8f44f7ab78e5113116e389636261 luau".pkg_ref]
ref_ty = "git"
repo = "https://github.com/DiscordLuau/discord-luau.git"
tree_id = "359d285ca0ba8f44f7ab78e5113116e389636261"
new_structure = true

[graph."discord_luau/rest@0.0.0-359d285ca0ba8f44f7ab78e5113116e389636261 luau".pkg_ref.dependencies]
api_types = [{ repo = "https://github.com/DiscordLuau/discord-luau.git", rev = "baf9cef", path = "packages/api_types" }, "standard"]
formdata = [{ repo = "https://github.com/DiscordLuau/discord-luau.git", rev = "baf9cef", path = "packages/formdata" }, "standard"]
future = [{ name = "yetanotherclown/luau_futures", version = "^2.0.0-beta.3", index = "https://github.com/pesde-pkg/index" }, "standard"]
std_polyfills = [{ repo = "https://github.com/DiscordLuau/discord-luau.git", rev = "baf9cef", path = "packages/std_polyfills" }, "standard"]

[graph."discord_luau/secret@0.0.0-324d52ccfbf17d6ef4806a26a83ea8cb561859b6 luau".pkg_ref]
ref_ty = "git"
repo = "https://github.com/DiscordLuau/discord-luau.git"
tree_id = "324d52ccfbf17d6ef4806a26a83ea8cb561859b6"
new_structure = true

[graph."discord_luau/sodium@0.0.0-6d542657a138bd57061ee733e7398577bd17cc0f luau".dependencies]
std_polyfills = ["discord_luau/std_polyfills@0.0.0-9265cd6bdfdd559f3d58bc110c4e6b4a951521ef luau", "standard"]

[graph."discord_luau/sodium@0.0.0-6d542657a138bd57061ee733e7398577bd17cc0f luau".pkg_ref]
ref_ty = "git"
repo = "https://github.com/DiscordLuau/discord-luau.git"
tree_id = "6d542657a138bd57061ee733e7398577bd17cc0f"
new_structure = true

[graph."discord_luau/sodium@0.0.0-6d542657a138bd57061ee733e7398577bd17cc0f luau".pkg_ref.dependencies]
std_polyfills = [{ repo = "https://github.com/DiscordLuau/discord-luau.git", rev = "baf9cef", path = "packages/std_polyfills" }, "standard"]

[graph."discord_luau/state@0.0.0-23cf54173e1a29954455592c0b514beaef7bb7e5 luau".dependencies]
api_types = ["discord_luau/api_types@0.0.0-a0b874ddee4341fa36df017c7b17c9f25702e150 luau", "standard"]
formdata = ["discord_luau/formdata@0.0.0-00b1bb93fb805986b9c7c875d557eed5ed430ffa luau", "standard"]
logger = ["discord_luau/logger@0.0.0-19dbbababd3ab74129781a95aa60c168ffdd67bf luau", "standard"]
rest = ["discord_luau/rest@0.0.0-359d285ca0ba8f44f7ab78e5113116e389636261 luau", "standard"]
secret = ["discord_luau/secret@0.0.0-324d52ccfbf17d6ef4806a26a83ea8cb561859b6 luau", "standard"]
std_polyfills = ["discord_luau/std_polyfills@0.0.0-9265cd6bdfdd559f3d58bc110c4e6b4a951521ef luau", "standard"]
utils = ["discord_luau/util@0.0.0-327305ded92cac8261291494c3375d74c75494f2 luau", "standard"]
websocket = ["discord_luau/websocket@0.0.0-c00d1c9c15c6706397ae2874d1d3f82f7f7e788d luau", "standard"]

[graph."discord_luau/state@0.0.0-23cf54173e1a29954455592c0b514beaef7bb7e5 luau".pkg_ref]
ref_ty = "git"
repo = "https://github.com/DiscordLuau/discord-luau.git"
tree_id = "23cf54173e1a29954455592c0b514beaef7bb7e5"
new_structure = true

[graph."discord_luau/state@0.0.0-23cf54173e1a29954455592c0b514beaef7bb7e5 luau".pkg_ref.dependencies]
api_types = [{ repo = "https://github.com/DiscordLuau/discord-luau.git", rev = "baf9cef", path = "packages/api_types" }, "standard"]
formdata = [{ repo = "https://github.com/DiscordLuau/discord-luau.git", rev = "baf9cef", path = "packages/formdata" }, "standard"]
logger = [{ repo = "https://github.com/DiscordLuau/discord-luau.git", rev = "baf9cef", path = "packages/logger" }, "standard"]
rest = [{ repo = "https://github.com/DiscordLuau/discord-luau.git", rev = "baf9cef", path = "packages/rest" }, "standard"]
secret = [{ repo = "https://github.com/DiscordLuau/discord-luau.git", rev = "baf9cef", path = "packages/secret" }, "standard"]
std_polyfills = [{ repo = "https://github.com/DiscordLuau/discord-luau.git", rev = "baf9cef", path = "packages/std_polyfills" }, "standard"]
utils = [{ repo = "https://github.com/DiscordLuau/discord-luau.git", rev = "baf9cef", path = "packages/utilities" }, "standard"]
websocket = [{ repo = "https://github.com/DiscordLuau/discord-luau.git", rev = "baf9cef", path = "packages/websocket" }, "standard"]

[graph."discord_luau/std_polyfills@0.0.0-9265cd6bdfdd559f3d58bc110c4e6b4a951521ef luau".pkg_ref]
ref_ty = "git"
repo = "https://github.com/DiscordLuau/discord-luau.git"
tree_id = "9265cd6bdfdd559f3d58bc110c4e6b4a951521ef"
new_structure = true

[graph."discord_luau/stream@0.0.0-c4e2390e7ea0197ceb9c8c2e9f3a7b3141f16685 luau".pkg_ref]
ref_ty = "git"
repo = "https://github.com/DiscordLuau/discord-luau.git"
tree_id = "c4e2390e7ea0197ceb9c8c2e9f3a7b3141f16685"
new_structure = true

[graph."discord_luau/util@0.0.0-327305ded92cac8261291494c3375d74c75494f2 luau".pkg_ref]
ref_ty = "git"
repo = "https://github.com/DiscordLuau/discord-luau.git"
tree_id = "327305ded92cac8261291494c3375d74c75494f2"
new_structure = true

[graph."discord_luau/voice@0.0.0-1e4b85f15d9e5c3b3ebe4b2957d3e43615ed433a luau".dependencies]
api_types = ["discord_luau/api_types@0.0.0-a0b874ddee4341fa36df017c7b17c9f25702e150 luau", "standard"]
dave = ["discord_luau/dave@0.0.0-7c58b56dcdbf4ba51d76681d7f1a3e8dc84ae8d0 luau", "standard"]
emitter = ["discord_luau/emitter@0.0.0-72bd17a0fb8719608dadb56ad929714737d22b54 luau", "standard"]
future = ["yetanotherclown/luau_futures@2.0.0-beta.3 luau", "standard"]
logger = ["discord_luau/logger@0.0.0-19dbbababd3ab74129781a95aa60c168ffdd67bf luau", "standard"]
opus = ["discord_luau/opus@0.0.0-3e134cbbb7aef09ea3ed3e1f515549e9e47a0dbe luau", "standard"]
secret = ["discord_luau/secret@0.0.0-324d52ccfbf17d6ef4806a26a83ea8cb561859b6 luau", "standard"]
sodium = ["discord_luau/sodium@0.0.0-6d542657a138bd57061ee733e7398577bd17cc0f luau", "standard"]
std_polyfills = ["discord_luau/std_polyfills@0.0.0-9265cd6bdfdd559f3d58bc110c4e6b4a951521ef luau", "standard"]
util = ["discord_luau/util@0.0.0-327305ded92cac8261291494c3375d74c75494f2 luau", "standard"]
websocket = ["discord_luau/websocket@0.0.0-c00d1c9c15c6706397ae2874d1d3f82f7f7e788d luau", "standard"]

[graph."discord_luau/voice@0.0.0-1e4b85f15d9e5c3b3ebe4b2957d3e43615ed433a luau".pkg_ref]
ref_ty = "git"
repo = "https://github.com/DiscordLuau/discord-luau.git"
tree_id = "1e4b85f15d9e5c3b3ebe4b2957d3e43615ed433a"
new_structure = true

[graph."discord_luau/voice@0.0.0-1e4b85f15d9e5c3b3ebe4b2957d3e43615ed433a luau".pkg_ref.dependencies]
api_types = [{ repo = "https://github.com/DiscordLuau/discord-luau.git", rev = "baf9cef", path = "packages/api_types" }, "standard"]
dave = [{ repo = "https://github.com/DiscordLuau/discord-luau.git", rev = "baf9cef", path = "packages/dave" }, "standard"]
emitter = [{ repo = "https://github.com/DiscordLuau/discord-luau.git", rev = "baf9cef", path = "packages/emitter" }, "standard"]
future = [{ name = "yetanotherclown/luau_futures", version = "^2.0.0-beta.3", index = "https://github.com/pesde-pkg/index" }, "standard"]
logger = [{ repo = "https://github.com/DiscordLuau/discord-luau.git", rev = "baf9cef", path = "packages/logger" }, "standard"]
opus = [{ repo = "https://github.com/DiscordLuau/discord-luau.git", rev = "baf9cef", path = "packages/opus" }, "standard"]
secret = [{ repo = "https://github.com/DiscordLuau/discord-luau.git", rev = "baf9cef", path = "packages/secret" }, "standard"]
sodium = [{ repo = "https://github.com/DiscordLuau/discord-luau.git", rev = "baf9cef", path = "packages/sodium" }, "standard"]
std_polyfills = [{ repo = "https://github.com/DiscordLuau/discord-luau.git", rev = "baf9cef", path = "packages/std_polyfills" }, "standard"]
util = [{ repo = "https://github.com/DiscordLuau/discord-luau.git", rev = "baf9cef", path = "packages/utilities" }, "standard"]
websocket = [{ repo = "https://github.com/DiscordLuau/discord-luau.git", rev = "baf9cef", path = "packages/websocket" }, "standard"]

[graph."discord_luau/websocket@0.0.0-c00d1c9c15c6706397ae2874d1d3f82f7f7e788d luau".dependencies]
accumulator = ["discord_luau/accumulator@0.0.0-e1e2ec118ac4125b3c8092da9c9913d751944dde luau", "standard"]
api_types = ["discord_luau/api_types@0.0.0-a0b874ddee4341fa36df017c7b17c9f25702e150 luau", "standard"]
emitter = ["discord_luau/emitter@0.0.0-72bd17a0fb8719608dadb56ad929714737d22b54 luau", "standard"]
future = ["yetanotherclown/luau_futures@2.0.0-beta.3 luau", "standard"]
logger = ["discord_luau/logger@0.0.0-19dbbababd3ab74129781a95aa60c168ffdd67bf luau", "standard"]
secret = ["discord_luau/secret@0.0.0-324d52ccfbf17d6ef4806a26a83ea8cb561859b6 luau", "standard"]
std_polyfills = ["discord_luau/std_polyfills@0.0.0-9265cd6bdfdd559f3d58bc110c4e6b4a951521ef luau", "standard"]
util = ["discord_luau/util@0.0.0-327305ded92cac8261291494c3375d74c75494f2 luau", "standard"]

[graph."discord_luau/websocket@0.0.0-c00d1c9c15c6706397ae2874d1d3f82f7f7e788d luau".pkg_ref]
ref_ty = "git"
repo = "https://github.com/DiscordLuau/discord-luau.git"
tree_id = "c00d1c9c15c6706397ae2874d1d3f82f7f7e788d"
new_structure = true

[graph."discord_luau/websocket@0.0.0-c00d1c9c15c6706397ae2874d1d3f82f7f7e788d luau".pkg_ref.dependencies]
accumulator = [{ repo = "https://github.com/DiscordLuau/discord-luau.git", rev = "baf9cef", path = "packages/accumulator" }, "standard"]
api_types = [{ repo = "https://github.com/DiscordLuau/discord-luau.git", rev = "baf9cef", path = "packages/api_types" }, "standard"]
emitter = [{ repo = "https://github.com/DiscordLuau/discord-luau.git", rev = "baf9cef", path = "packages/emitter" }, "standard"]
future = [{ name = "yetanotherclown/luau_futures", version = "^2.0.0-beta.3", index = "https://github.com/pesde-pkg/index" }, "standard"]
logger = [{ repo = "https://github.com/DiscordLuau/discord-luau.git", rev = "baf9cef", path = "packages/logger" }, "standard"]
secret = [{ repo = "https://github.com/DiscordLuau/discord-luau.git", rev = "baf9cef", path = "packages/secret" }, "standard"]
std_polyfills = [{ repo = "https://github.com/DiscordLuau/discord-luau.git", rev = "baf9cef", path = "packages/std_polyfills" }, "standard"]
util = [{ repo = "https://github.com/DiscordLuau/discord-luau.git", rev = "baf9cef", path = "packages/utilities" }, "standard"]

[graph."yetanotherclown/luau_futures@2.0.0-beta.3 luau".pkg_ref]
ref_ty = "pesde"
index_url = "https://github.com/pesde-pkg/index"
